
Microsoft Visual Studio Solution File, Format Version 12.00
# Visual Studio Version 17
VisualStudioVersion = 17.10.35013.160
MinimumVisualStudioVersion = 10.0.40219.1
Project("{FAE04EC0-301F-11D3-BF4B-00C04F79EFBC}") = "GoalsClient", "GoalsClient\GoalsClient.csproj", "{55D7F0F7-6056-4C11-895E-D7FBB00A12BA}"
EndProject
Global
	GlobalSection(SolutionConfigurationPlatforms) = preSolution
		Debug|Any CPU = Debug|Any CPU
		Release|Any CPU = Release|Any CPU
	EndGlobalSection
	GlobalSection(ProjectConfigurationPlatforms) = postSolution
		{55D7F0F7-6056-4C11-895E-D7FBB00A12BA}.Debug|Any CPU.ActiveCfg = Debug|Any CPU
		{55D7F0F7-6056-4C11-895E-D7FBB00A12BA}.Debug|Any CPU.Build.0 = Debug|Any CPU
		{55D7F0F7-6056-4C11-895E-D7FBB00A12BA}.Release|Any CPU.ActiveCfg = Release|Any CPU
		{55D7F0F7-6056-4C11-895E-D7FBB00A12BA}.Release|Any CPU.Build.0 = Release|Any CPU
	EndGlobalSection
	GlobalSection(SolutionProperties) = preSolution
		HideSolutionNode = FALSE
	EndGlobalSection
	GlobalSection(ExtensibilityGlobals) = postSolution
		SolutionGuid = {01690D8F-AA12-47E4-8D9D-987B6C18673F}
	EndGlobalSection
EndGlobal
